
Microsoft Visual Studio Solution File, Format Version 12.00
Project("{FAE04EC0-301F-11D3-BF4B-00C04F79EFBC}") = "MonoCamagru", "MonoCamagru.csproj", "{B16AF8E8-7018-4BFF-B840-B677EA3D29B7}"
EndProject
Global
	GlobalSection(SolutionConfigurationPlatforms) = preSolution
		Debug|Any CPU = Debug|Any CPU
		Release|Any CPU = Release|Any CPU
	EndGlobalSection
	GlobalSection(ProjectConfigurationPlatforms) = postSolution
		{B16AF8E8-7018-4BFF-B840-B677EA3D29B7}.Debug|Any CPU.ActiveCfg = Debug|Any CPU
		{B16AF8E8-7018-4BFF-B840-B677EA3D29B7}.Debug|Any CPU.Build.0 = Debug|Any CPU
		{B16AF8E8-7018-4BFF-B840-B677EA3D29B7}.Release|Any CPU.ActiveCfg = Release|Any CPU
		{B16AF8E8-7018-4BFF-B840-B677EA3D29B7}.Release|Any CPU.Build.0 = Release|Any CPU
	EndGlobalSection
EndGlobal
